// !$*UTF8*$!
{
	archiveVersion = 1;
	classes = {
	};
	objectVersion = 56;
	objects = {

/* Begin PBXBuildFile section */
		D06D278C2A0A186F0099E4D3 /* UberSwiftUIDemoApp.swift in Sources */ = {isa = PBXBuildFile; fileRef = D06D278B2A0A186F0099E4D3 /* UberSwiftUIDemoApp.swift */; };
		D06D27902A0A18700099E4D3 /* Assets.xcassets in Resources */ = {isa = PBXBuildFile; fileRef = D06D278F2A0A18700099E4D3 /* Assets.xcassets */; };
		D06D27932A0A18700099E4D3 /* Preview Assets.xcassets in Resources */ = {isa = PBXBuildFile; fileRef = D06D27922A0A18700099E4D3 /* Preview Assets.xcassets */; };
		D096E5532A13D74600C7B38C /* HomeView.swift in Sources */ = {isa = PBXBuildFile; fileRef = D096E5522A13D74600C7B38C /* HomeView.swift */; };
		D096E5552A13D81D00C7B38C /* UberMapViewRepresentable.swift in Sources */ = {isa = PBXBuildFile; fileRef = D096E5542A13D81D00C7B38C /* UberMapViewRepresentable.swift */; };
		D096E5572A13E4F200C7B38C /* LocationManager.swift in Sources */ = {isa = PBXBuildFile; fileRef = D096E5562A13E4F200C7B38C /* LocationManager.swift */; };
/* End PBXBuildFile section */

/* Begin PBXFileReference section */
		D06D27882A0A186F0099E4D3 /* UberSwiftUIDemo.app */ = {isa = PBXFileReference; explicitFileType = wrapper.application; includeInIndex = 0; path = UberSwiftUIDemo.app; sourceTree = BUILT_PRODUCTS_DIR; };
		D06D278B2A0A186F0099E4D3 /* UberSwiftUIDemoApp.swift */ = {isa = PBXFileReference; lastKnownFileType = sourcecode.swift; path = UberSwiftUIDemoApp.swift; sourceTree = "<group>"; };
		D06D278F2A0A18700099E4D3 /* Assets.xcassets */ = {isa = PBXFileReference; lastKnownFileType = folder.assetcatalog; path = Assets.xcassets; sourceTree = "<group>"; };
		D06D27922A0A18700099E4D3 /* Preview Assets.xcassets */ = {isa = PBXFileReference; lastKnownFileType = folder.assetcatalog; path = "Preview Assets.xcassets"; sourceTree = "<group>"; };
		D096E5522A13D74600C7B38C /* HomeView.swift */ = {isa = PBXFileReference; lastKnownFileType = sourcecode.swift; path = HomeView.swift; sourceTree = "<group>"; };
		D096E5542A13D81D00C7B38C /* UberMapViewRepresentable.swift */ = {isa = PBXFileReference; lastKnownFileType = sourcecode.swift; path = UberMapViewRepresentable.swift; sourceTree = "<group>"; };
		D096E5562A13E4F200C7B38C /* LocationManager.swift */ = {isa = PBXFileReference; lastKnownFileType = sourcecode.swift; path = LocationManager.swift; sourceTree = "<group>"; };
/* End PBXFileReference section */

/* Begin PBXFrameworksBuildPhase section */
		D06D27852A0A186F0099E4D3 /* Frameworks */ = {
			isa = PBXFrameworksBuildPhase;
			buildActionMask = 2147483647;
			files = (
			);
			runOnlyForDeploymentPostprocessing = 0;
		};
/* End PBXFrameworksBuildPhase section */

/* Begin PBXGroup section */
		D06D277F2A0A186F0099E4D3 = {
			isa = PBXGroup;
			children = (
				D06D278A2A0A186F0099E4D3 /* UberSwiftUIDemo */,
				D06D27892A0A186F0099E4D3 /* Products */,
			);
			sourceTree = "<group>";
		};
		D06D27892A0A186F0099E4D3 /* Products */ = {
			isa = PBXGroup;
			children = (
				D06D27882A0A186F0099E4D3 /* UberSwiftUIDemo.app */,
			);
			name = Products;
			sourceTree = "<group>";
		};
		D06D278A2A0A186F0099E4D3 /* UberSwiftUIDemo */ = {
			isa = PBXGroup;
			children = (
				D06D279E2A0A19230099E4D3 /* Models */,
				D06D279D2A0A190F0099E4D3 /* Managers */,
				D06D279C2A0A19060099E4D3 /* Extensions */,
				D06D279B2A0A18DD0099E4D3 /* Core */,
				D06D27992A0A18AD0099E4D3 /* App */,
				D06D278F2A0A18700099E4D3 /* Assets.xcassets */,
				D06D27912A0A18700099E4D3 /* Preview Content */,
			);
			path = UberSwiftUIDemo;
			sourceTree = "<group>";
		};
		D06D27912A0A18700099E4D3 /* Preview Content */ = {
			isa = PBXGroup;
			children = (
				D06D27922A0A18700099E4D3 /* Preview Assets.xcassets */,
			);
			path = "Preview Content";
			sourceTree = "<group>";
		};
		D06D27992A0A18AD0099E4D3 /* App */ = {
			isa = PBXGroup;
			children = (
				D06D278B2A0A186F0099E4D3 /* UberSwiftUIDemoApp.swift */,
			);
			path = App;
			sourceTree = "<group>";
		};
		D06D279B2A0A18DD0099E4D3 /* Core */ = {
			isa = PBXGroup;
			children = (
				D096E5512A13D72F00C7B38C /* View */,
				D096E5502A13D71500C7B38C /* ViewModel */,
			);
			path = Core;
			sourceTree = "<group>";
		};
		D06D279C2A0A19060099E4D3 /* Extensions */ = {
			isa = PBXGroup;
			children = (
			);
			path = Extensions;
			sourceTree = "<group>";
		};
		D06D279D2A0A190F0099E4D3 /* Managers */ = {
			isa = PBXGroup;
			children = (
				D096E5562A13E4F200C7B38C /* LocationManager.swift */,
			);
			path = Managers;
			sourceTree = "<group>";
		};
		D06D279E2A0A19230099E4D3 /* Models */ = {
			isa = PBXGroup;
			children = (
			);
			path = Models;
			sourceTree = "<group>";
		};
		D096E5502A13D71500C7B38C /* ViewModel */ = {
			isa = PBXGroup;
			children = (
			);
			path = ViewModel;
			sourceTree = "<group>";
		};
		D096E5512A13D72F00C7B38C /* View */ = {
			isa = PBXGroup;
			children = (
				D096E5522A13D74600C7B38C /* HomeView.swift */,
				D096E5542A13D81D00C7B38C /* UberMapViewRepresentable.swift */,
			);
			path = View;
			sourceTree = "<group>";
		};
/* End PBXGroup section */

/* Begin PBXNativeTarget section */
		D06D27872A0A186F0099E4D3 /* UberSwiftUIDemo */ = {
			isa = PBXNativeTarget;
			buildConfigurationList = D06D27962A0A18700099E4D3 /* Build configuration list for PBXNativeTarget "UberSwiftUIDemo" */;
			buildPhases = (
				D06D27842A0A186F0099E4D3 /* Sources */,
				D06D27852A0A186F0099E4D3 /* Frameworks */,
				D06D27862A0A186F0099E4D3 /* Resources */,
			);
			buildRules = (
			);
			dependencies = (
			);
			name = UberSwiftUIDemo;
			productName = UberSwiftUIDemo;
			productReference = D06D27882A0A186F0099E4D3 /* UberSwiftUIDemo.app */;
			productType = "com.apple.product-type.application";
		};
/* End PBXNativeTarget section */

/* Begin PBXProject section */
		D06D27802A0A186F0099E4D3 /* Project object */ = {
			isa = PBXProject;
			attributes = {
				BuildIndependentTargetsInParallel = 1;
				LastSwiftUpdateCheck = 1420;
				LastUpgradeCheck = 1420;
				TargetAttributes = {
					D06D27872A0A186F0099E4D3 = {
						CreatedOnToolsVersion = 14.2;
					};
				};
			};
			buildConfigurationList = D06D27832A0A186F0099E4D3 /* Build configuration list for PBXProject "UberSwiftUIDemo" */;
			compatibilityVersion = "Xcode 14.0";
			developmentRegion = en;
			hasScannedForEncodings = 0;
			knownRegions = (
				en,
				Base,
			);
			mainGroup = D06D277F2A0A186F0099E4D3;
			productRefGroup = D06D27892A0A186F0099E4D3 /* Products */;
			projectDirPath = "";
			projectRoot = "";
			targets = (
				D06D27872A0A186F0099E4D3 /* UberSwiftUIDemo */,
			);
		};
/* End PBXProject section */

/* Begin PBXResourcesBuildPhase section */
		D06D27862A0A186F0099E4D3 /* Resources */ = {
			isa = PBXResourcesBuildPhase;
			buildActionMask = 2147483647;
			files = (
				D06D27932A0A18700099E4D3 /* Preview Assets.xcassets in Resources */,
				D06D27902A0A18700099E4D3 /* Assets.xcassets in Resources */,
			);
			runOnlyForDeploymentPostprocessing = 0;
		};
/* End PBXResourcesBuildPhase section */

/* Begin PBXSourcesBuildPhase section */
		D06D27842A0A186F0099E4D3 /* Sources */ = {
			isa = PBXSourcesBuildPhase;
			buildActionMask = 2147483647;
			files = (
				D096E5572A13E4F200C7B38C /* LocationManager.swift in Sources */,
				D096E5532A13D74600C7B38C /* HomeView.swift in Sources */,
				D096E5552A13D81D00C7B38C /* UberMapViewRepresentable.swift in Sources */,
				D06D278C2A0A186F0099E4D3 /* UberSwiftUIDemoApp.swift in Sources */,
			);
			runOnlyForDeploymentPostprocessing = 0;
		};
/* End PBXSourcesBuildPhase section */

/* Begin XCBuildConfiguration section */
		D06D27942A0A18700099E4D3 /* Debug */ = {
			isa = XCBuildConfiguration;
			buildSettings = {
				ALWAYS_SEARCH_USER_PATHS = NO;
				CLANG_ANALYZER_NONNULL = YES;
				CLANG_ANALYZER_NUMBER_OBJECT_CONVERSION = YES_AGGRESSIVE;
				CLANG_CXX_LANGUAGE_STANDARD = "gnu++20";
				CLANG_ENABLE_MODULES = YES;
				CLANG_ENABLE_OBJC_ARC = YES;
				CLANG_ENABLE_OBJC_WEAK = YES;
				CLANG_WARN_BLOCK_CAPTURE_AUTORELEASING = YES;
				CLANG_WARN_BOOL_CONVERSION = YES;
				CLANG_WARN_COMMA = YES;
				CLANG_WARN_CONSTANT_CONVERSION = YES;
				CLANG_WARN_DEPRECATED_OBJC_IMPLEMENTATIONS = YES;
				CLANG_WARN_DIRECT_OBJC_ISA_USAGE = YES_ERROR;
				CLANG_WARN_DOCUMENTATION_COMMENTS = YES;
				CLANG_WARN_EMPTY_BODY = YES;
				CLANG_WARN_ENUM_CONVERSION = YES;
				CLANG_WARN_INFINITE_RECURSION = YES;
				CLANG_WARN_INT_CONVERSION = YES;
				CLANG_WARN_NON_LITERAL_NULL_CONVERSION = YES;
				CLANG_WARN_OBJC_IMPLICIT_RETAIN_SELF = YES;
				CLANG_WARN_OBJC_LITERAL_CONVERSION = YES;
				CLANG_WARN_OBJC_ROOT_CLASS = YES_ERROR;
				CLANG_WARN_QUOTED_INCLUDE_IN_FRAMEWORK_HEADER = YES;
				CLANG_WARN_RANGE_LOOP_ANALYSIS = YES;
				CLANG_WARN_STRICT_PROTOTYPES = YES;
				CLANG_WARN_SUSPICIOUS_MOVE = YES;
				CLANG_WARN_UNGUARDED_AVAILABILITY = YES_AGGRESSIVE;
				CLANG_WARN_UNREACHABLE_CODE = YES;
				CLANG_WARN__DUPLICATE_METHOD_MATCH = YES;
				COPY_PHASE_STRIP = NO;
				DEBUG_INFORMATION_FORMAT = dwarf;
				ENABLE_STRICT_OBJC_MSGSEND = YES;
				ENABLE_TESTABILITY = YES;
				GCC_C_LANGUAGE_STANDARD = gnu11;
				GCC_DYNAMIC_NO_PIC = NO;
				GCC_NO_COMMON_BLOCKS = YES;
				GCC_OPTIMIZATION_LEVEL = 0;
				GCC_PREPROCESSOR_DEFINITIONS = (
					"DEBUG=1",
					"$(inherited)",
				);
				GCC_WARN_64_TO_32_BIT_CONVERSION = YES;
				GCC_WARN_ABOUT_RETURN_TYPE = YES_ERROR;
				GCC_WARN_UNDECLARED_SELECTOR = YES;
				GCC_WARN_UNINITIALIZED_AUTOS = YES_AGGRESSIVE;
				GCC_WARN_UNUSED_FUNCTION = YES;
				GCC_WARN_UNUSED_VARIABLE = YES;
				IPHONEOS_DEPLOYMENT_TARGET = 14.0;
				MTL_ENABLE_DEBUG_INFO = INCLUDE_SOURCE;
				MTL_FAST_MATH = YES;
				ONLY_ACTIVE_ARCH = YES;
				SDKROOT = iphoneos;
				SWIFT_ACTIVE_COMPILATION_CONDITIONS = DEBUG;
				SWIFT_OPTIMIZATION_LEVEL = "-Onone";
			};
			name = Debug;
		};
		D06D27952A0A18700099E4D3 /* Release */ = {
			isa = XCBuildConfiguration;
			buildSettings = {
				ALWAYS_SEARCH_USER_PATHS = NO;
				CLANG_ANALYZER_NONNULL = YES;
				CLANG_ANALYZER_NUMBER_OBJECT_CONVERSION = YES_AGGRESSIVE;
				CLANG_CXX_LANGUAGE_STANDARD = "gnu++20";
				CLANG_ENABLE_MODULES = YES;
				CLANG_ENABLE_OBJC_ARC = YES;
				CLANG_ENABLE_OBJC_WEAK = YES;
				CLANG_WARN_BLOCK_CAPTURE_AUTORELEASING = YES;
				CLANG_WARN_BOOL_CONVERSION = YES;
				CLANG_WARN_COMMA = YES;
				CLANG_WARN_CONSTANT_CONVERSION = YES;
				CLANG_WARN_DEPRECATED_OBJC_IMPLEMENTATIONS = YES;
				CLANG_WARN_DIRECT_OBJC_ISA_USAGE = YES_ERROR;
				CLANG_WARN_DOCUMENTATION_COMMENTS = YES;
				CLANG_WARN_EMPTY_BODY = YES;
				CLANG_WARN_ENUM_CONVERSION = YES;
				CLANG_WARN_INFINITE_RECURSION = YES;
				CLANG_WARN_INT_CONVERSION = YES;
				CLANG_WARN_NON_LITERAL_NULL_CONVERSION = YES;
				CLANG_WARN_OBJC_IMPLICIT_RETAIN_SELF = YES;
				CLANG_WARN_OBJC_LITERAL_CONVERSION = YES;
				CLANG_WARN_OBJC_ROOT_CLASS = YES_ERROR;
				CLANG_WARN_QUOTED_INCLUDE_IN_FRAMEWORK_HEADER = YES;
				CLANG_WARN_RANGE_LOOP_ANALYSIS = YES;
				CLANG_WARN_STRICT_PROTOTYPES = YES;
				CLANG_WARN_SUSPICIOUS_MOVE = YES;
				CLANG_WARN_UNGUARDED_AVAILABILITY = YES_AGGRESSIVE;
				CLANG_WARN_UNREACHABLE_CODE = YES;
				CLANG_WARN__DUPLICATE_METHOD_MATCH = YES;
				COPY_PHASE_STRIP = NO;
				DEBUG_INFORMATION_FORMAT = "dwarf-with-dsym";
				ENABLE_NS_ASSERTIONS = NO;
				ENABLE_STRICT_OBJC_MSGSEND = YES;
				GCC_C_LANGUAGE_STANDARD = gnu11;
				GCC_NO_COMMON_BLOCKS = YES;
				GCC_WARN_64_TO_32_BIT_CONVERSION = YES;
				GCC_WARN_ABOUT_RETURN_TYPE = YES_ERROR;
				GCC_WARN_UNDECLARED_SELECTOR = YES;
				GCC_WARN_UNINITIALIZED_AUTOS = YES_AGGRESSIVE;
				GCC_WARN_UNUSED_FUNCTION = YES;
				GCC_WARN_UNUSED_VARIABLE = YES;
				IPHONEOS_DEPLOYMENT_TARGET = 14.0;
				MTL_ENABLE_DEBUG_INFO = NO;
				MTL_FAST_MATH = YES;
				SDKROOT = iphoneos;
				SWIFT_COMPILATION_MODE = wholemodule;
				SWIFT_OPTIMIZATION_LEVEL = "-O";
				VALIDATE_PRODUCT = YES;
			};
			name = Release;
		};
		D06D27972A0A18700099E4D3 /* Debug */ = {
			isa = XCBuildConfiguration;
			buildSettings = {
				ASSETCATALOG_COMPILER_APPICON_NAME = AppIcon;
				ASSETCATALOG_COMPILER_GLOBAL_ACCENT_COLOR_NAME = AccentColor;
				CODE_SIGN_STYLE = Automatic;
				CURRENT_PROJECT_VERSION = 1;
				DEVELOPMENT_ASSET_PATHS = "\"UberSwiftUIDemo/Preview Content\"";
				DEVELOPMENT_TEAM = SCCRUHQ7HK;
				ENABLE_PREVIEWS = YES;
				GENERATE_INFOPLIST_FILE = YES;
				INFOPLIST_KEY_NSLocationAlwaysAndWhenInUseUsageDescription = "Please provide the location to find drivers near you";
				INFOPLIST_KEY_NSLocationAlwaysUsageDescription = lllllllocayon;
				INFOPLIST_KEY_NSLocationUsageDescription = "Please provide the location to find drivers near you";
				INFOPLIST_KEY_UIApplicationSceneManifest_Generation = YES;
				INFOPLIST_KEY_UIApplicationSupportsIndirectInputEvents = YES;
				INFOPLIST_KEY_UILaunchScreen_Generation = YES;
				INFOPLIST_KEY_UISupportedInterfaceOrientations_iPad = "UIInterfaceOrientationPortrait UIInterfaceOrientationPortraitUpsideDown UIInterfaceOrientationLandscapeLeft UIInterfaceOrientationLandscapeRight";
				INFOPLIST_KEY_UISupportedInterfaceOrientations_iPhone = "UIInterfaceOrientationPortrait UIInterfaceOrientationLandscapeLeft UIInterfaceOrientationLandscapeRight";
				LD_RUNPATH_SEARCH_PATHS = (
					"$(inherited)",
					"@executable_path/Frameworks",
				);
				MARKETING_VERSION = 1.0;
				PRODUCT_BUNDLE_IDENTIFIER = com.akshay.UberSwiftUIDemo;
				PRODUCT_NAME = "$(TARGET_NAME)";
				SWIFT_EMIT_LOC_STRINGS = YES;
				SWIFT_VERSION = 5.0;
				TARGETED_DEVICE_FAMILY = "1,2";
			};
			name = Debug;
		};
		D06D27982A0A18700099E4D3 /* Release */ = {
			isa = XCBuildConfiguration;
			buildSettings = {
				ASSETCATALOG_COMPILER_APPICON_NAME = AppIcon;
				ASSETCATALOG_COMPILER_GLOBAL_ACCENT_COLOR_NAME = AccentColor;
				CODE_SIGN_STYLE = Automatic;
				CURRENT_PROJECT_VERSION = 1;
				DEVELOPMENT_ASSET_PATHS = "\"UberSwiftUIDemo/Preview Content\"";
				DEVELOPMENT_TEAM = SCCRUHQ7HK;
				ENABLE_PREVIEWS = YES;
				GENERATE_INFOPLIST_FILE = YES;
				INFOPLIST_KEY_NSLocationAlwaysAndWhenInUseUsageDescription = "Please provide the location to find drivers near you";
				INFOPLIST_KEY_NSLocationAlwaysUsageDescription = lllllllocayon;
				INFOPLIST_KEY_NSLocationUsageDescription = "Please provide the location to find drivers near you";
				INFOPLIST_KEY_UIApplicationSceneManifest_Generation = YES;
				INFOPLIST_KEY_UIApplicationSupportsIndirectInputEvents = YES;
				INFOPLIST_KEY_UILaunchScreen_Generation = YES;
				INFOPLIST_KEY_UISupportedInterfaceOrientations_iPad = "UIInterfaceOrientationPortrait UIInterfaceOrientationPortraitUpsideDown UIInterfaceOrientationLandscapeLeft UIInterfaceOrientationLandscapeRight";
				INFOPLIST_KEY_UISupportedInterfaceOrientations_iPhone = "UIInterfaceOrientationPortrait UIInterfaceOrientationLandscapeLeft UIInterfaceOrientationLandscapeRight";
				LD_RUNPATH_SEARCH_PATHS = (
					"$(inherited)",
					"@executable_path/Frameworks",
				);
				MARKETING_VERSION = 1.0;
				PRODUCT_BUNDLE_IDENTIFIER = com.akshay.UberSwiftUIDemo;
				PRODUCT_NAME = "$(TARGET_NAME)";
				SWIFT_EMIT_LOC_STRINGS = YES;
				SWIFT_VERSION = 5.0;
				TARGETED_DEVICE_FAMILY = "1,2";
			};
			name = Release;
		};
/* End XCBuildConfiguration section */

/* Begin XCConfigurationList section */
		D06D27832A0A186F0099E4D3 /* Build configuration list for PBXProject "UberSwiftUIDemo" */ = {
			isa = XCConfigurationList;
			buildConfigurations = (
				D06D27942A0A18700099E4D3 /* Debug */,
				D06D27952A0A18700099E4D3 /* Release */,
			);
			defaultConfigurationIsVisible = 0;
			defaultConfigurationName = Release;
		};
		D06D27962A0A18700099E4D3 /* Build configuration list for PBXNativeTarget "UberSwiftUIDemo" */ = {
			isa = XCConfigurationList;
			buildConfigurations = (
				D06D27972A0A18700099E4D3 /* Debug */,
				D06D27982A0A18700099E4D3 /* Release */,
			);
			defaultConfigurationIsVisible = 0;
			defaultConfigurationName = Release;
		};
/* End XCConfigurationList section */
	};
	rootObject = D06D27802A0A186F0099E4D3 /* Project object */;
}
